
Microsoft Visual Studio Solution File, Format Version 12.00
# Visual Studio Version 17
VisualStudioVersion = 17.14.36414.22 d17.14
MinimumVisualStudioVersion = 10.0.40219.1
Project("{FAE04EC0-301F-11D3-BF4B-00C04F79EFBC}") = "TaskManagementService", "TaskManagementService\TaskManagementService.csproj", "{70E2444B-5233-4B08-98D0-AD19734C66A7}"
EndProject
Project("{FAE04EC0-301F-11D3-BF4B-00C04F79EFBC}") = "TaskManagementService.Application", "TaskManagementService.Application\TaskManagementService.Application.csproj", "{991EBCC4-4274-487E-B523-2E28A6EBAC3B}"
EndProject
Project("{FAE04EC0-301F-11D3-BF4B-00C04F79EFBC}") = "TaskManagementService.Domain", "TaskManagementService.Domain\TaskManagementService.Domain.csproj", "{C225E794-C075-44C9-A8C0-16ACDF3C8AC3}"
EndProject
Project("{FAE04EC0-301F-11D3-BF4B-00C04F79EFBC}") = "TaskManagementService.Infrastructure", "TaskManagementService.Infrastructure\TaskManagementService.Infrastructure.csproj", "{87A325D5-1954-4D15-A6AC-FDAA51875D36}"
EndProject
Project("{FAE04EC0-301F-11D3-BF4B-00C04F79EFBC}") = "TaskManagementService.CommonLib", "TaskManagementService.CommonLib\TaskManagementService.CommonLib.csproj", "{0896D440-01C8-4F31-91D9-00581EB327AF}"
EndProject
Project("{2150E333-8FDC-42A3-9474-1A3956D46DE8}") = "Solution Items", "Solution Items", "{8EC462FD-D22E-90A8-E5CE-7E832BA40C5D}"
	ProjectSection(SolutionItems) = preProject
		Local-deploy\docker-compose-local.yml = Local-deploy\docker-compose-local.yml
		README.md = README.md
	EndProjectSection
EndProject
Global
	GlobalSection(SolutionConfigurationPlatforms) = preSolution
		Debug|Any CPU = Debug|Any CPU
		Release|Any CPU = Release|Any CPU
	EndGlobalSection
	GlobalSection(ProjectConfigurationPlatforms) = postSolution
		{70E2444B-5233-4B08-98D0-AD19734C66A7}.Debug|Any CPU.ActiveCfg = Debug|Any CPU
		{70E2444B-5233-4B08-98D0-AD19734C66A7}.Debug|Any CPU.Build.0 = Debug|Any CPU
		{70E2444B-5233-4B08-98D0-AD19734C66A7}.Release|Any CPU.ActiveCfg = Release|Any CPU
		{70E2444B-5233-4B08-98D0-AD19734C66A7}.Release|Any CPU.Build.0 = Release|Any CPU
		{991EBCC4-4274-487E-B523-2E28A6EBAC3B}.Debug|Any CPU.ActiveCfg = Debug|Any CPU
		{991EBCC4-4274-487E-B523-2E28A6EBAC3B}.Debug|Any CPU.Build.0 = Debug|Any CPU
		{991EBCC4-4274-487E-B523-2E28A6EBAC3B}.Release|Any CPU.ActiveCfg = Release|Any CPU
		{991EBCC4-4274-487E-B523-2E28A6EBAC3B}.Release|Any CPU.Build.0 = Release|Any CPU
		{C225E794-C075-44C9-A8C0-16ACDF3C8AC3}.Debug|Any CPU.ActiveCfg = Debug|Any CPU
		{C225E794-C075-44C9-A8C0-16ACDF3C8AC3}.Debug|Any CPU.Build.0 = Debug|Any CPU
		{C225E794-C075-44C9-A8C0-16ACDF3C8AC3}.Release|Any CPU.ActiveCfg = Release|Any CPU
		{C225E794-C075-44C9-A8C0-16ACDF3C8AC3}.Release|Any CPU.Build.0 = Release|Any CPU
		{87A325D5-1954-4D15-A6AC-FDAA51875D36}.Debug|Any CPU.ActiveCfg = Debug|Any CPU
		{87A325D5-1954-4D15-A6AC-FDAA51875D36}.Debug|Any CPU.Build.0 = Debug|Any CPU
		{87A325D5-1954-4D15-A6AC-FDAA51875D36}.Release|Any CPU.ActiveCfg = Release|Any CPU
		{87A325D5-1954-4D15-A6AC-FDAA51875D36}.Release|Any CPU.Build.0 = Release|Any CPU
		{0896D440-01C8-4F31-91D9-00581EB327AF}.Debug|Any CPU.ActiveCfg = Debug|Any CPU
		{0896D440-01C8-4F31-91D9-00581EB327AF}.Debug|Any CPU.Build.0 = Debug|Any CPU
		{0896D440-01C8-4F31-91D9-00581EB327AF}.Release|Any CPU.ActiveCfg = Release|Any CPU
		{0896D440-01C8-4F31-91D9-00581EB327AF}.Release|Any CPU.Build.0 = Release|Any CPU
	EndGlobalSection
	GlobalSection(SolutionProperties) = preSolution
		HideSolutionNode = FALSE
	EndGlobalSection
	GlobalSection(ExtensibilityGlobals) = postSolution
		SolutionGuid = {18B76D38-BD5E-4C51-8DE3-3F34CAFF04BD}
	EndGlobalSection
EndGlobal
